
Microsoft Visual Studio Solution File, Format Version 12.00
# Visual Studio Version 16
VisualStudioVersion = 16.0.30717.126
MinimumVisualStudioVersion = 10.0.40219.1
Project("{9A19103F-16F7-4668-BE54-9A1E7A4F7556}") = "day2", "02\csharp\day2.csproj", "{62708506-FD47-4AC3-A4D1-37947E247477}"
EndProject
Project("{9A19103F-16F7-4668-BE54-9A1E7A4F7556}") = "day1", "01\csharp\day1.csproj", "{BB2840B0-3237-4810-B316-463C05F8F625}"
EndProject
Project("{9A19103F-16F7-4668-BE54-9A1E7A4F7556}") = "day3", "03\csharp\day3.csproj", "{00C6A2DE-A7F7-4BFA-93C9-58F892AA0869}"
EndProject
Project("{9A19103F-16F7-4668-BE54-9A1E7A4F7556}") = "day4", "04\csharp\day4.csproj", "{F68A2C20-B965-4804-A157-48C188CB6A33}"
EndProject
Project("{9A19103F-16F7-4668-BE54-9A1E7A4F7556}") = "AoCSharp.Common", "AoCSharp.Common\AoCSharp.Common.csproj", "{7641BC47-6D55-41D1-9B94-C0FE831CFC5C}"
EndProject
Project("{9A19103F-16F7-4668-BE54-9A1E7A4F7556}") = "day5", "05\csharp\day5.csproj", "{65960204-F53F-4483-B310-AD8B4AAF5F74}"
EndProject
Project("{9A19103F-16F7-4668-BE54-9A1E7A4F7556}") = "day7", "07\csharp\day7.csproj", "{436BD9F7-5D44-48C0-ADA7-C35FD6E60554}"
EndProject
Project("{9A19103F-16F7-4668-BE54-9A1E7A4F7556}") = "day10", "10\csharp\day10.csproj", "{45613E96-2351-4AF0-B339-4A38968F2393}"
EndProject
Project("{9A19103F-16F7-4668-BE54-9A1E7A4F7556}") = "day15", "15\csharp\day15.csproj", "{A7372EED-13D2-4DC3-A298-4FDBBB621A64}"
EndProject
Project("{9A19103F-16F7-4668-BE54-9A1E7A4F7556}") = "day16", "16\csharp\day16.csproj", "{C17D0297-51B8-4322-8A4D-F1B4390A4B1B}"
EndProject
Project("{FAE04EC0-301F-11D3-BF4B-00C04F79EFBC}") = "day17", "17\csharp\day17.csproj", "{2B29CB59-3361-4736-B90D-C6093931C8EF}"
EndProject
Global
	GlobalSection(SolutionConfigurationPlatforms) = preSolution
		Debug|Any CPU = Debug|Any CPU
		Release|Any CPU = Release|Any CPU
	EndGlobalSection
	GlobalSection(ProjectConfigurationPlatforms) = postSolution
		{62708506-FD47-4AC3-A4D1-37947E247477}.Debug|Any CPU.ActiveCfg = Debug|Any CPU
		{62708506-FD47-4AC3-A4D1-37947E247477}.Debug|Any CPU.Build.0 = Debug|Any CPU
		{62708506-FD47-4AC3-A4D1-37947E247477}.Release|Any CPU.ActiveCfg = Release|Any CPU
		{62708506-FD47-4AC3-A4D1-37947E247477}.Release|Any CPU.Build.0 = Release|Any CPU
		{BB2840B0-3237-4810-B316-463C05F8F625}.Debug|Any CPU.ActiveCfg = Debug|Any CPU
		{BB2840B0-3237-4810-B316-463C05F8F625}.Debug|Any CPU.Build.0 = Debug|Any CPU
		{BB2840B0-3237-4810-B316-463C05F8F625}.Release|Any CPU.ActiveCfg = Release|Any CPU
		{BB2840B0-3237-4810-B316-463C05F8F625}.Release|Any CPU.Build.0 = Release|Any CPU
		{00C6A2DE-A7F7-4BFA-93C9-58F892AA0869}.Debug|Any CPU.ActiveCfg = Debug|Any CPU
		{00C6A2DE-A7F7-4BFA-93C9-58F892AA0869}.Debug|Any CPU.Build.0 = Debug|Any CPU
		{00C6A2DE-A7F7-4BFA-93C9-58F892AA0869}.Release|Any CPU.ActiveCfg = Release|Any CPU
		{00C6A2DE-A7F7-4BFA-93C9-58F892AA0869}.Release|Any CPU.Build.0 = Release|Any CPU
		{F68A2C20-B965-4804-A157-48C188CB6A33}.Debug|Any CPU.ActiveCfg = Debug|Any CPU
		{F68A2C20-B965-4804-A157-48C188CB6A33}.Debug|Any CPU.Build.0 = Debug|Any CPU
		{F68A2C20-B965-4804-A157-48C188CB6A33}.Release|Any CPU.ActiveCfg = Release|Any CPU
		{F68A2C20-B965-4804-A157-48C188CB6A33}.Release|Any CPU.Build.0 = Release|Any CPU
		{7641BC47-6D55-41D1-9B94-C0FE831CFC5C}.Debug|Any CPU.ActiveCfg = Debug|Any CPU
		{7641BC47-6D55-41D1-9B94-C0FE831CFC5C}.Debug|Any CPU.Build.0 = Debug|Any CPU
		{7641BC47-6D55-41D1-9B94-C0FE831CFC5C}.Release|Any CPU.ActiveCfg = Release|Any CPU
		{7641BC47-6D55-41D1-9B94-C0FE831CFC5C}.Release|Any CPU.Build.0 = Release|Any CPU
		{65960204-F53F-4483-B310-AD8B4AAF5F74}.Debug|Any CPU.ActiveCfg = Debug|Any CPU
		{65960204-F53F-4483-B310-AD8B4AAF5F74}.Debug|Any CPU.Build.0 = Debug|Any CPU
		{65960204-F53F-4483-B310-AD8B4AAF5F74}.Release|Any CPU.ActiveCfg = Release|Any CPU
		{65960204-F53F-4483-B310-AD8B4AAF5F74}.Release|Any CPU.Build.0 = Release|Any CPU
		{436BD9F7-5D44-48C0-ADA7-C35FD6E60554}.Debug|Any CPU.ActiveCfg = Debug|Any CPU
		{436BD9F7-5D44-48C0-ADA7-C35FD6E60554}.Debug|Any CPU.Build.0 = Debug|Any CPU
		{436BD9F7-5D44-48C0-ADA7-C35FD6E60554}.Release|Any CPU.ActiveCfg = Release|Any CPU
		{436BD9F7-5D44-48C0-ADA7-C35FD6E60554}.Release|Any CPU.Build.0 = Release|Any CPU
		{45613E96-2351-4AF0-B339-4A38968F2393}.Debug|Any CPU.ActiveCfg = Debug|Any CPU
		{45613E96-2351-4AF0-B339-4A38968F2393}.Debug|Any CPU.Build.0 = Debug|Any CPU
		{45613E96-2351-4AF0-B339-4A38968F2393}.Release|Any CPU.ActiveCfg = Release|Any CPU
		{45613E96-2351-4AF0-B339-4A38968F2393}.Release|Any CPU.Build.0 = Release|Any CPU
		{A7372EED-13D2-4DC3-A298-4FDBBB621A64}.Debug|Any CPU.ActiveCfg = Debug|Any CPU
		{A7372EED-13D2-4DC3-A298-4FDBBB621A64}.Debug|Any CPU.Build.0 = Debug|Any CPU
		{A7372EED-13D2-4DC3-A298-4FDBBB621A64}.Release|Any CPU.ActiveCfg = Release|Any CPU
		{A7372EED-13D2-4DC3-A298-4FDBBB621A64}.Release|Any CPU.Build.0 = Release|Any CPU
		{C17D0297-51B8-4322-8A4D-F1B4390A4B1B}.Debug|Any CPU.ActiveCfg = Debug|Any CPU
		{C17D0297-51B8-4322-8A4D-F1B4390A4B1B}.Debug|Any CPU.Build.0 = Debug|Any CPU
		{C17D0297-51B8-4322-8A4D-F1B4390A4B1B}.Release|Any CPU.ActiveCfg = Release|Any CPU
		{C17D0297-51B8-4322-8A4D-F1B4390A4B1B}.Release|Any CPU.Build.0 = Release|Any CPU
		{2B29CB59-3361-4736-B90D-C6093931C8EF}.Debug|Any CPU.ActiveCfg = Debug|Any CPU
		{2B29CB59-3361-4736-B90D-C6093931C8EF}.Debug|Any CPU.Build.0 = Debug|Any CPU
		{2B29CB59-3361-4736-B90D-C6093931C8EF}.Release|Any CPU.ActiveCfg = Release|Any CPU
		{2B29CB59-3361-4736-B90D-C6093931C8EF}.Release|Any CPU.Build.0 = Release|Any CPU
	EndGlobalSection
	GlobalSection(SolutionProperties) = preSolution
		HideSolutionNode = FALSE
	EndGlobalSection
	GlobalSection(ExtensibilityGlobals) = postSolution
		SolutionGuid = {903B6571-D3A2-4FCC-A657-6681C1D944A3}
	EndGlobalSection
EndGlobal
