
Microsoft Visual Studio Solution File, Format Version 12.00
# Visual Studio Version 16
VisualStudioVersion = 16.0.30717.126
MinimumVisualStudioVersion = 10.0.40219.1
Project("{9A19103F-16F7-4668-BE54-9A1E7A4F7556}") = "day2", "02\csharp\day2.csproj", "{62708506-FD47-4AC3-A4D1-37947E247477}"
EndProject
Project("{9A19103F-16F7-4668-BE54-9A1E7A4F7556}") = "day1", "01\csharp\day1.csproj", "{BB2840B0-3237-4810-B316-463C05F8F625}"
EndProject
Global
	GlobalSection(SolutionConfigurationPlatforms) = preSolution
		Debug|Any CPU = Debug|Any CPU
		Release|Any CPU = Release|Any CPU
	EndGlobalSection
	GlobalSection(ProjectConfigurationPlatforms) = postSolution
		{62708506-FD47-4AC3-A4D1-37947E247477}.Debug|Any CPU.ActiveCfg = Debug|Any CPU
		{62708506-FD47-4AC3-A4D1-37947E247477}.Debug|Any CPU.Build.0 = Debug|Any CPU
		{62708506-FD47-4AC3-A4D1-37947E247477}.Release|Any CPU.ActiveCfg = Release|Any CPU
		{62708506-FD47-4AC3-A4D1-37947E247477}.Release|Any CPU.Build.0 = Release|Any CPU
		{BB2840B0-3237-4810-B316-463C05F8F625}.Debug|Any CPU.ActiveCfg = Debug|Any CPU
		{BB2840B0-3237-4810-B316-463C05F8F625}.Debug|Any CPU.Build.0 = Debug|Any CPU
		{BB2840B0-3237-4810-B316-463C05F8F625}.Release|Any CPU.ActiveCfg = Release|Any CPU
		{BB2840B0-3237-4810-B316-463C05F8F625}.Release|Any CPU.Build.0 = Release|Any CPU
	EndGlobalSection
	GlobalSection(SolutionProperties) = preSolution
		HideSolutionNode = FALSE
	EndGlobalSection
	GlobalSection(ExtensibilityGlobals) = postSolution
		SolutionGuid = {903B6571-D3A2-4FCC-A657-6681C1D944A3}
	EndGlobalSection
EndGlobal
